
Microsoft Visual Studio Solution File, Format Version 12.00
# Visual Studio Version 17
VisualStudioVersion = 17.10.35122.118
MinimumVisualStudioVersion = 10.0.40219.1
Project("{9A19103F-16F7-4668-BE54-9A1E7A4F7556}") = "Business", "Business\Business.csproj", "{1C164A4B-60E3-4543-8FB2-2F67335F6881}"
EndProject
Project("{9A19103F-16F7-4668-BE54-9A1E7A4F7556}") = "Entities", "Entities\Entities.csproj", "{7957E878-A2D3-4D74-AFF5-D80935A6ACA5}"
EndProject
Project("{9A19103F-16F7-4668-BE54-9A1E7A4F7556}") = "ConsoleUI", "ConsoleUI\ConsoleUI.csproj", "{9494A7AB-6FC1-4869-B679-544CE50FEC3E}"
EndProject
Project("{9A19103F-16F7-4668-BE54-9A1E7A4F7556}") = "DataAccess", "DataAccess\DataAccess.csproj", "{5088A862-5307-4A2B-8BED-F1403ED4F557}"
EndProject
Project("{9A19103F-16F7-4668-BE54-9A1E7A4F7556}") = "Core", "Core\Core.csproj", "{D40E3784-272D-4314-BA13-3DDDF6D989FF}"
EndProject
Global
	GlobalSection(SolutionConfigurationPlatforms) = preSolution
		Debug|Any CPU = Debug|Any CPU
		Release|Any CPU = Release|Any CPU
	EndGlobalSection
	GlobalSection(ProjectConfigurationPlatforms) = postSolution
		{1C164A4B-60E3-4543-8FB2-2F67335F6881}.Debug|Any CPU.ActiveCfg = Debug|Any CPU
		{1C164A4B-60E3-4543-8FB2-2F67335F6881}.Debug|Any CPU.Build.0 = Debug|Any CPU
		{1C164A4B-60E3-4543-8FB2-2F67335F6881}.Release|Any CPU.ActiveCfg = Release|Any CPU
		{1C164A4B-60E3-4543-8FB2-2F67335F6881}.Release|Any CPU.Build.0 = Release|Any CPU
		{7957E878-A2D3-4D74-AFF5-D80935A6ACA5}.Debug|Any CPU.ActiveCfg = Debug|Any CPU
		{7957E878-A2D3-4D74-AFF5-D80935A6ACA5}.Debug|Any CPU.Build.0 = Debug|Any CPU
		{7957E878-A2D3-4D74-AFF5-D80935A6ACA5}.Release|Any CPU.ActiveCfg = Release|Any CPU
		{7957E878-A2D3-4D74-AFF5-D80935A6ACA5}.Release|Any CPU.Build.0 = Release|Any CPU
		{9494A7AB-6FC1-4869-B679-544CE50FEC3E}.Debug|Any CPU.ActiveCfg = Debug|Any CPU
		{9494A7AB-6FC1-4869-B679-544CE50FEC3E}.Debug|Any CPU.Build.0 = Debug|Any CPU
		{9494A7AB-6FC1-4869-B679-544CE50FEC3E}.Release|Any CPU.ActiveCfg = Release|Any CPU
		{9494A7AB-6FC1-4869-B679-544CE50FEC3E}.Release|Any CPU.Build.0 = Release|Any CPU
		{5088A862-5307-4A2B-8BED-F1403ED4F557}.Debug|Any CPU.ActiveCfg = Debug|Any CPU
		{5088A862-5307-4A2B-8BED-F1403ED4F557}.Debug|Any CPU.Build.0 = Debug|Any CPU
		{5088A862-5307-4A2B-8BED-F1403ED4F557}.Release|Any CPU.ActiveCfg = Release|Any CPU
		{5088A862-5307-4A2B-8BED-F1403ED4F557}.Release|Any CPU.Build.0 = Release|Any CPU
		{D40E3784-272D-4314-BA13-3DDDF6D989FF}.Debug|Any CPU.ActiveCfg = Debug|Any CPU
		{D40E3784-272D-4314-BA13-3DDDF6D989FF}.Debug|Any CPU.Build.0 = Debug|Any CPU
		{D40E3784-272D-4314-BA13-3DDDF6D989FF}.Release|Any CPU.ActiveCfg = Release|Any CPU
		{D40E3784-272D-4314-BA13-3DDDF6D989FF}.Release|Any CPU.Build.0 = Release|Any CPU
	EndGlobalSection
	GlobalSection(SolutionProperties) = preSolution
		HideSolutionNode = FALSE
	EndGlobalSection
	GlobalSection(ExtensibilityGlobals) = postSolution
		SolutionGuid = {53AFC3D4-EA19-42A6-9A49-F596FD709302}
	EndGlobalSection
EndGlobal
